// !$*UTF8*$!
{
	archiveVersion = 1;
	classes = {
	};
	objectVersion = 46;
	objects = {

/* Begin PBXBuildFile section */
		3EE56FCC1AC838D900FCCB4D /* main.m in Sources */ = {isa = PBXBuildFile; fileRef = 3EE56FCB1AC838D900FCCB4D /* main.m */; };
		3EE56FCF1AC838D900FCCB4D /* AppDelegate.m in Sources */ = {isa = PBXBuildFile; fileRef = 3EE56FCE1AC838D900FCCB4D /* AppDelegate.m */; };
		3EE56FD21AC838D900FCCB4D /* ViewController.m in Sources */ = {isa = PBXBuildFile; fileRef = 3EE56FD11AC838D900FCCB4D /* ViewController.m */; };
		3EE56FD51AC838D900FCCB4D /* Main.storyboard in Resources */ = {isa = PBXBuildFile; fileRef = 3EE56FD31AC838D900FCCB4D /* Main.storyboard */; };
		3EE56FD71AC838D900FCCB4D /* Images.xcassets in Resources */ = {isa = PBXBuildFile; fileRef = 3EE56FD61AC838D900FCCB4D /* Images.xcassets */; };
		3EE56FDA1AC838D900FCCB4D /* LaunchScreen.xib in Resources */ = {isa = PBXBuildFile; fileRef = 3EE56FD81AC838D900FCCB4D /* LaunchScreen.xib */; };
		3EE56FE61AC838D900FCCB4D /* LinkTests.m in Sources */ = {isa = PBXBuildFile; fileRef = 3EE56FE51AC838D900FCCB4D /* LinkTests.m */; };
/* End PBXBuildFile section */

/* Begin PBXContainerItemProxy section */
		3EE56FE01AC838D900FCCB4D /* PBXContainerItemProxy */ = {
			isa = PBXContainerItemProxy;
			containerPortal = 3EE56FBE1AC838D900FCCB4D /* Project object */;
			proxyType = 1;
			remoteGlobalIDString = 3EE56FC51AC838D900FCCB4D;
			remoteInfo = Link;
		};
/* End PBXContainerItemProxy section */

/* Begin PBXFileReference section */
		3EE56FC61AC838D900FCCB4D /* Link.app */ = {isa = PBXFileReference; explicitFileType = wrapper.application; includeInIndex = 0; path = Link.app; sourceTree = BUILT_PRODUCTS_DIR; };
		3EE56FCA1AC838D900FCCB4D /* Info.plist */ = {isa = PBXFileReference; lastKnownFileType = text.plist.xml; path = Info.plist; sourceTree = "<group>"; };
		3EE56FCB1AC838D900FCCB4D /* main.m */ = {isa = PBXFileReference; lastKnownFileType = sourcecode.c.objc; path = main.m; sourceTree = "<group>"; };
		3EE56FCD1AC838D900FCCB4D /* AppDelegate.h */ = {isa = PBXFileReference; lastKnownFileType = sourcecode.c.h; path = AppDelegate.h; sourceTree = "<group>"; };
		3EE56FCE1AC838D900FCCB4D /* AppDelegate.m */ = {isa = PBXFileReference; lastKnownFileType = sourcecode.c.objc; path = AppDelegate.m; sourceTree = "<group>"; };
		3EE56FD01AC838D900FCCB4D /* ViewController.h */ = {isa = PBXFileReference; lastKnownFileType = sourcecode.c.h; path = ViewController.h; sourceTree = "<group>"; };
		3EE56FD11AC838D900FCCB4D /* ViewController.m */ = {isa = PBXFileReference; lastKnownFileType = sourcecode.c.objc; path = ViewController.m; sourceTree = "<group>"; };
		3EE56FD41AC838D900FCCB4D /* Base */ = {isa = PBXFileReference; lastKnownFileType = file.storyboard; name = Base; path = Base.lproj/Main.storyboard; sourceTree = "<group>"; };
		3EE56FD61AC838D900FCCB4D /* Images.xcassets */ = {isa = PBXFileReference; lastKnownFileType = folder.assetcatalog; path = Images.xcassets; sourceTree = "<group>"; };
		3EE56FD91AC838D900FCCB4D /* Base */ = {isa = PBXFileReference; lastKnownFileType = file.xib; name = Base; path = Base.lproj/LaunchScreen.xib; sourceTree = "<group>"; };
		3EE56FDF1AC838D900FCCB4D /* LinkTests.xctest */ = {isa = PBXFileReference; explicitFileType = wrapper.cfbundle; includeInIndex = 0; path = LinkTests.xctest; sourceTree = BUILT_PRODUCTS_DIR; };
		3EE56FE41AC838D900FCCB4D /* Info.plist */ = {isa = PBXFileReference; lastKnownFileType = text.plist.xml; path = Info.plist; sourceTree = "<group>"; };
		3EE56FE51AC838D900FCCB4D /* LinkTests.m */ = {isa = PBXFileReference; lastKnownFileType = sourcecode.c.objc; path = LinkTests.m; sourceTree = "<group>"; };
/* End PBXFileReference section */

/* Begin PBXFrameworksBuildPhase section */
		3EE56FC31AC838D900FCCB4D /* Frameworks */ = {
			isa = PBXFrameworksBuildPhase;
			buildActionMask = 2147483647;
			files = (
			);
			runOnlyForDeploymentPostprocessing = 0;
		};
		3EE56FDC1AC838D900FCCB4D /* Frameworks */ = {
			isa = PBXFrameworksBuildPhase;
			buildActionMask = 2147483647;
			files = (
			);
			runOnlyForDeploymentPostprocessing = 0;
		};
/* End PBXFrameworksBuildPhase section */

/* Begin PBXGroup section */
		3EE56FBD1AC838D900FCCB4D = {
			isa = PBXGroup;
			children = (
				3EE56FC81AC838D900FCCB4D /* Link */,
				3EE56FE21AC838D900FCCB4D /* LinkTests */,
				3EE56FC71AC838D900FCCB4D /* Products */,
			);
			sourceTree = "<group>";
		};
		3EE56FC71AC838D900FCCB4D /* Products */ = {
			isa = PBXGroup;
			children = (
				3EE56FC61AC838D900FCCB4D /* Link.app */,
				3EE56FDF1AC838D900FCCB4D /* LinkTests.xctest */,
			);
			name = Products;
			sourceTree = "<group>";
		};
		3EE56FC81AC838D900FCCB4D /* Link */ = {
			isa = PBXGroup;
			children = (
				3EE56FCD1AC838D900FCCB4D /* AppDelegate.h */,
				3EE56FCE1AC838D900FCCB4D /* AppDelegate.m */,
				3EE56FD01AC838D900FCCB4D /* ViewController.h */,
				3EE56FD11AC838D900FCCB4D /* ViewController.m */,
				3EE56FD31AC838D900FCCB4D /* Main.storyboard */,
				3EE56FD61AC838D900FCCB4D /* Images.xcassets */,
				3EE56FD81AC838D900FCCB4D /* LaunchScreen.xib */,
				3EE56FC91AC838D900FCCB4D /* Supporting Files */,
			);
			path = Link;
			sourceTree = "<group>";
		};
		3EE56FC91AC838D900FCCB4D /* Supporting Files */ = {
			isa = PBXGroup;
			children = (
				3EE56FCA1AC838D900FCCB4D /* Info.plist */,
				3EE56FCB1AC838D900FCCB4D /* main.m */,
			);
			name = "Supporting Files";
			sourceTree = "<group>";
		};
		3EE56FE21AC838D900FCCB4D /* LinkTests */ = {
			isa = PBXGroup;
			children = (
				3EE56FE51AC838D900FCCB4D /* LinkTests.m */,
				3EE56FE31AC838D900FCCB4D /* Supporting Files */,
			);
			path = LinkTests;
			sourceTree = "<group>";
		};
		3EE56FE31AC838D900FCCB4D /* Supporting Files */ = {
			isa = PBXGroup;
			children = (
				3EE56FE41AC838D900FCCB4D /* Info.plist */,
			);
			name = "Supporting Files";
			sourceTree = "<group>";
		};
/* End PBXGroup section */

/* Begin PBXNativeTarget section */
		3EE56FC51AC838D900FCCB4D /* Link */ = {
			isa = PBXNativeTarget;
			buildConfigurationList = 3EE56FE91AC838D900FCCB4D /* Build configuration list for PBXNativeTarget "Link" */;
			buildPhases = (
				3EE56FC21AC838D900FCCB4D /* Sources */,
				3EE56FC31AC838D900FCCB4D /* Frameworks */,
				3EE56FC41AC838D900FCCB4D /* Resources */,
			);
			buildRules = (
			);
			dependencies = (
			);
			name = Link;
			productName = Link;
			productReference = 3EE56FC61AC838D900FCCB4D /* Link.app */;
			productType = "com.apple.product-type.application";
		};
		3EE56FDE1AC838D900FCCB4D /* LinkTests */ = {
			isa = PBXNativeTarget;
			buildConfigurationList = 3EE56FEC1AC838D900FCCB4D /* Build configuration list for PBXNativeTarget "LinkTests" */;
			buildPhases = (
				3EE56FDB1AC838D900FCCB4D /* Sources */,
				3EE56FDC1AC838D900FCCB4D /* Frameworks */,
				3EE56FDD1AC838D900FCCB4D /* Resources */,
			);
			buildRules = (
			);
			dependencies = (
				3EE56FE11AC838D900FCCB4D /* PBXTargetDependency */,
			);
			name = LinkTests;
			productName = LinkTests;
			productReference = 3EE56FDF1AC838D900FCCB4D /* LinkTests.xctest */;
			productType = "com.apple.product-type.bundle.unit-test";
		};
/* End PBXNativeTarget section */

/* Begin PBXProject section */
		3EE56FBE1AC838D900FCCB4D /* Project object */ = {
			isa = PBXProject;
			attributes = {
				LastUpgradeCheck = 0620;
				ORGANIZATIONNAME = "Philippe Tring";
				TargetAttributes = {
					3EE56FC51AC838D900FCCB4D = {
						CreatedOnToolsVersion = 6.2;
					};
					3EE56FDE1AC838D900FCCB4D = {
						CreatedOnToolsVersion = 6.2;
						TestTargetID = 3EE56FC51AC838D900FCCB4D;
					};
				};
			};
			buildConfigurationList = 3EE56FC11AC838D900FCCB4D /* Build configuration list for PBXProject "Link" */;
			compatibilityVersion = "Xcode 3.2";
			developmentRegion = English;
			hasScannedForEncodings = 0;
			knownRegions = (
				en,
				Base,
			);
			mainGroup = 3EE56FBD1AC838D900FCCB4D;
			productRefGroup = 3EE56FC71AC838D900FCCB4D /* Products */;
			projectDirPath = "";
			projectRoot = "";
			targets = (
				3EE56FC51AC838D900FCCB4D /* Link */,
				3EE56FDE1AC838D900FCCB4D /* LinkTests */,
			);
		};
/* End PBXProject section */

/* Begin PBXResourcesBuildPhase section */
		3EE56FC41AC838D900FCCB4D /* Resources */ = {
			isa = PBXResourcesBuildPhase;
			buildActionMask = 2147483647;
			files = (
				3EE56FD51AC838D900FCCB4D /* Main.storyboard in Resources */,
				3EE56FDA1AC838D900FCCB4D /* LaunchScreen.xib in Resources */,
				3EE56FD71AC838D900FCCB4D /* Images.xcassets in Resources */,
			);
			runOnlyForDeploymentPostprocessing = 0;
		};
		3EE56FDD1AC838D900FCCB4D /* Resources */ = {
			isa = PBXResourcesBuildPhase;
			buildActionMask = 2147483647;
			files = (
			);
			runOnlyForDeploymentPostprocessing = 0;
		};
/* End PBXResourcesBuildPhase section */

/* Begin PBXSourcesBuildPhase section */
		3EE56FC21AC838D900FCCB4D /* Sources */ = {
			isa = PBXSourcesBuildPhase;
			buildActionMask = 2147483647;
			files = (
				3EE56FD21AC838D900FCCB4D /* ViewController.m in Sources */,
				3EE56FCF1AC838D900FCCB4D /* AppDelegate.m in Sources */,
				3EE56FCC1AC838D900FCCB4D /* main.m in Sources */,
			);
			runOnlyForDeploymentPostprocessing = 0;
		};
		3EE56FDB1AC838D900FCCB4D /* Sources */ = {
			isa = PBXSourcesBuildPhase;
			buildActionMask = 2147483647;
			files = (
				3EE56FE61AC838D900FCCB4D /* LinkTests.m in Sources */,
			);
			runOnlyForDeploymentPostprocessing = 0;
		};
/* End PBXSourcesBuildPhase section */

/* Begin PBXTargetDependency section */
		3EE56FE11AC838D900FCCB4D /* PBXTargetDependency */ = {
			isa = PBXTargetDependency;
			target = 3EE56FC51AC838D900FCCB4D /* Link */;
			targetProxy = 3EE56FE01AC838D900FCCB4D /* PBXContainerItemProxy */;
		};
/* End PBXTargetDependency section */

/* Begin PBXVariantGroup section */
		3EE56FD31AC838D900FCCB4D /* Main.storyboard */ = {
			isa = PBXVariantGroup;
			children = (
				3EE56FD41AC838D900FCCB4D /* Base */,
			);
			name = Main.storyboard;
			sourceTree = "<group>";
		};
		3EE56FD81AC838D900FCCB4D /* LaunchScreen.xib */ = {
			isa = PBXVariantGroup;
			children = (
				3EE56FD91AC838D900FCCB4D /* Base */,
			);
			name = LaunchScreen.xib;
			sourceTree = "<group>";
		};
/* End PBXVariantGroup section */

/* Begin XCBuildConfiguration section */
		3EE56FE71AC838D900FCCB4D /* Debug */ = {
			isa = XCBuildConfiguration;
			buildSettings = {
				ALWAYS_SEARCH_USER_PATHS = NO;
				CLANG_CXX_LANGUAGE_STANDARD = "gnu++0x";
				CLANG_CXX_LIBRARY = "libc++";
				CLANG_ENABLE_MODULES = YES;
				CLANG_ENABLE_OBJC_ARC = YES;
				CLANG_WARN_BOOL_CONVERSION = YES;
				CLANG_WARN_CONSTANT_CONVERSION = YES;
				CLANG_WARN_DIRECT_OBJC_ISA_USAGE = YES_ERROR;
				CLANG_WARN_EMPTY_BODY = YES;
				CLANG_WARN_ENUM_CONVERSION = YES;
				CLANG_WARN_INT_CONVERSION = YES;
				CLANG_WARN_OBJC_ROOT_CLASS = YES_ERROR;
				CLANG_WARN_UNREACHABLE_CODE = YES;
				CLANG_WARN__DUPLICATE_METHOD_MATCH = YES;
				"CODE_SIGN_IDENTITY[sdk=iphoneos*]" = "iPhone Developer";
				COPY_PHASE_STRIP = NO;
				ENABLE_STRICT_OBJC_MSGSEND = YES;
				GCC_C_LANGUAGE_STANDARD = gnu99;
				GCC_DYNAMIC_NO_PIC = NO;
				GCC_OPTIMIZATION_LEVEL = 0;
				GCC_PREPROCESSOR_DEFINITIONS = (
					"DEBUG=1",
					"$(inherited)",
				);
				GCC_SYMBOLS_PRIVATE_EXTERN = NO;
				GCC_WARN_64_TO_32_BIT_CONVERSION = YES;
				GCC_WARN_ABOUT_RETURN_TYPE = YES_ERROR;
				GCC_WARN_UNDECLARED_SELECTOR = YES;
				GCC_WARN_UNINITIALIZED_AUTOS = YES_AGGRESSIVE;
				GCC_WARN_UNUSED_FUNCTION = YES;
				GCC_WARN_UNUSED_VARIABLE = YES;
				IPHONEOS_DEPLOYMENT_TARGET = 8.2;
				MTL_ENABLE_DEBUG_INFO = YES;
				ONLY_ACTIVE_ARCH = YES;
				SDKROOT = iphoneos;
				TARGETED_DEVICE_FAMILY = 2;
			};
			name = Debug;
		};
		3EE56FE81AC838D900FCCB4D /* Release */ = {
			isa = XCBuildConfiguration;
			buildSettings = {
				ALWAYS_SEARCH_USER_PATHS = NO;
				CLANG_CXX_LANGUAGE_STANDARD = "gnu++0x";
				CLANG_CXX_LIBRARY = "libc++";
				CLANG_ENABLE_MODULES = YES;
				CLANG_ENABLE_OBJC_ARC = YES;
				CLANG_WARN_BOOL_CONVERSION = YES;
				CLANG_WARN_CONSTANT_CONVERSION = YES;
				CLANG_WARN_DIRECT_OBJC_ISA_USAGE = YES_ERROR;
				CLANG_WARN_EMPTY_BODY = YES;
				CLANG_WARN_ENUM_CONVERSION = YES;
				CLANG_WARN_INT_CONVERSION = YES;
				CLANG_WARN_OBJC_ROOT_CLASS = YES_ERROR;
				CLANG_WARN_UNREACHABLE_CODE = YES;
				CLANG_WARN__DUPLICATE_METHOD_MATCH = YES;
				"CODE_SIGN_IDENTITY[sdk=iphoneos*]" = "iPhone Developer";
				COPY_PHASE_STRIP = NO;
				ENABLE_NS_ASSERTIONS = NO;
				ENABLE_STRICT_OBJC_MSGSEND = YES;
				GCC_C_LANGUAGE_STANDARD = gnu99;
				GCC_WARN_64_TO_32_BIT_CONVERSION = YES;
				GCC_WARN_ABOUT_RETURN_TYPE = YES_ERROR;
				GCC_WARN_UNDECLARED_SELECTOR = YES;
				GCC_WARN_UNINITIALIZED_AUTOS = YES_AGGRESSIVE;
				GCC_WARN_UNUSED_FUNCTION = YES;
				GCC_WARN_UNUSED_VARIABLE = YES;
				IPHONEOS_DEPLOYMENT_TARGET = 8.2;
				MTL_ENABLE_DEBUG_INFO = NO;
				SDKROOT = iphoneos;
				TARGETED_DEVICE_FAMILY = 2;
				VALIDATE_PRODUCT = YES;
			};
			name = Release;
		};
		3EE56FEA1AC838D900FCCB4D /* Debug */ = {
			isa = XCBuildConfiguration;
			buildSettings = {
				ASSETCATALOG_COMPILER_APPICON_NAME = AppIcon;
				INFOPLIST_FILE = Link/Info.plist;
				LD_RUNPATH_SEARCH_PATHS = "$(inherited) @executable_path/Frameworks";
				PRODUCT_NAME = "$(TARGET_NAME)";
			};
			name = Debug;
		};
		3EE56FEB1AC838D900FCCB4D /* Release */ = {
			isa = XCBuildConfiguration;
			buildSettings = {
				ASSETCATALOG_COMPILER_APPICON_NAME = AppIcon;
				INFOPLIST_FILE = Link/Info.plist;
				LD_RUNPATH_SEARCH_PATHS = "$(inherited) @executable_path/Frameworks";
				PRODUCT_NAME = "$(TARGET_NAME)";
			};
			name = Release;
		};
		3EE56FED1AC838D900FCCB4D /* Debug */ = {
			isa = XCBuildConfiguration;
			buildSettings = {
				BUNDLE_LOADER = "$(TEST_HOST)";
				FRAMEWORK_SEARCH_PATHS = (
					"$(SDKROOT)/Developer/Library/Frameworks",
					"$(inherited)",
				);
				GCC_PREPROCESSOR_DEFINITIONS = (
					"DEBUG=1",
					"$(inherited)",
				);
				INFOPLIST_FILE = LinkTests/Info.plist;
				LD_RUNPATH_SEARCH_PATHS = "$(inherited) @executable_path/Frameworks @loader_path/Frameworks";
				PRODUCT_NAME = "$(TARGET_NAME)";
				TEST_HOST = "$(BUILT_PRODUCTS_DIR)/Link.app/Link";
			};
			name = Debug;
		};
		3EE56FEE1AC838D900FCCB4D /* Release */ = {
			isa = XCBuildConfiguration;
			buildSettings = {
				BUNDLE_LOADER = "$(TEST_HOST)";
				FRAMEWORK_SEARCH_PATHS = (
					"$(SDKROOT)/Developer/Library/Frameworks",
					"$(inherited)",
				);
				INFOPLIST_FILE = LinkTests/Info.plist;
				LD_RUNPATH_SEARCH_PATHS = "$(inherited) @executable_path/Frameworks @loader_path/Frameworks";
				PRODUCT_NAME = "$(TARGET_NAME)";
				TEST_HOST = "$(BUILT_PRODUCTS_DIR)/Link.app/Link";
			};
			name = Release;
		};
/* End XCBuildConfiguration section */

/* Begin XCConfigurationList section */
		3EE56FC11AC838D900FCCB4D /* Build configuration list for PBXProject "Link" */ = {
			isa = XCConfigurationList;
			buildConfigurations = (
				3EE56FE71AC838D900FCCB4D /* Debug */,
				3EE56FE81AC838D900FCCB4D /* Release */,
			);
			defaultConfigurationIsVisible = 0;
			defaultConfigurationName = Release;
		};
		3EE56FE91AC838D900FCCB4D /* Build configuration list for PBXNativeTarget "Link" */ = {
			isa = XCConfigurationList;
			buildConfigurations = (
				3EE56FEA1AC838D900FCCB4D /* Debug */,
				3EE56FEB1AC838D900FCCB4D /* Release */,
			);
			defaultConfigurationIsVisible = 0;
		};
		3EE56FEC1AC838D900FCCB4D /* Build configuration list for PBXNativeTarget "LinkTests" */ = {
			isa = XCConfigurationList;
			buildConfigurations = (
				3EE56FED1AC838D900FCCB4D /* Debug */,
				3EE56FEE1AC838D900FCCB4D /* Release */,
			);
			defaultConfigurationIsVisible = 0;
		};
/* End XCConfigurationList section */
	};
	rootObject = 3EE56FBE1AC838D900FCCB4D /* Project object */;
}
