// !$*UTF8*$!
{
	archiveVersion = 1;
	classes = {
	};
	objectVersion = 46;
	objects = {

/* Begin PBXBuildFile section */
		3E6F3FD71AD7B648000CF0D6 /* HeaderCollectionReusableView.m in Sources */ = {isa = PBXBuildFile; fileRef = 3E6F3FD61AD7B648000CF0D6 /* HeaderCollectionReusableView.m */; };
		3EA3E7681AD3E2C500996FD7 /* PageViewController.m in Sources */ = {isa = PBXBuildFile; fileRef = 3EA3E7661AD3CC4600996FD7 /* PageViewController.m */; };
		3EA6C5691AD6A4E8005A059B /* ActivityCollectionViewController.m in Sources */ = {isa = PBXBuildFile; fileRef = 3EA6C5681AD6A4E8005A059B /* ActivityCollectionViewController.m */; };
		3EA6C56C1AD6AB36005A059B /* ActivityCollectionViewCell.m in Sources */ = {isa = PBXBuildFile; fileRef = 3EA6C56B1AD6AB35005A059B /* ActivityCollectionViewCell.m */; };
		3EE56FCC1AC838D900FCCB4D /* main.m in Sources */ = {isa = PBXBuildFile; fileRef = 3EE56FCB1AC838D900FCCB4D /* main.m */; };
		3EE56FCF1AC838D900FCCB4D /* AppDelegate.m in Sources */ = {isa = PBXBuildFile; fileRef = 3EE56FCE1AC838D900FCCB4D /* AppDelegate.m */; };
		3EE56FD21AC838D900FCCB4D /* LoginViewController.m in Sources */ = {isa = PBXBuildFile; fileRef = 3EE56FD11AC838D900FCCB4D /* LoginViewController.m */; };
		3EE56FD51AC838D900FCCB4D /* Main.storyboard in Resources */ = {isa = PBXBuildFile; fileRef = 3EE56FD31AC838D900FCCB4D /* Main.storyboard */; };
		3EE56FD71AC838D900FCCB4D /* Images.xcassets in Resources */ = {isa = PBXBuildFile; fileRef = 3EE56FD61AC838D900FCCB4D /* Images.xcassets */; };
		3EE56FDA1AC838D900FCCB4D /* LaunchScreen.xib in Resources */ = {isa = PBXBuildFile; fileRef = 3EE56FD81AC838D900FCCB4D /* LaunchScreen.xib */; };
		3EE56FE61AC838D900FCCB4D /* LinkTests.m in Sources */ = {isa = PBXBuildFile; fileRef = 3EE56FE51AC838D900FCCB4D /* LinkTests.m */; };
		3EE56FF21AC83FA300FCCB4D /* User.m in Sources */ = {isa = PBXBuildFile; fileRef = 3EE56FF11AC83FA300FCCB4D /* User.m */; };
		6205D45E6C1A82CE51D18D97 /* Pods.framework in Frameworks */ = {isa = PBXBuildFile; fileRef = 6EA5565500F83063E7141100 /* Pods.framework */; settings = {ATTRIBUTES = (Weak, ); }; };
		BF19BC1C1AE6AD6A00172C2F /* PickerViewController.m in Sources */ = {isa = PBXBuildFile; fileRef = BF19BC1B1AE6AD6A00172C2F /* PickerViewController.m */; };
		BF1F1F311AE654DB00BFDFA9 /* UIFont+UIFont_SytemFontOverride.m in Sources */ = {isa = PBXBuildFile; fileRef = BF1F1F301AE654DB00BFDFA9 /* UIFont+UIFont_SytemFontOverride.m */; };
		BF1F1F351AE6576600BFDFA9 /* Bosque-Regular.otf in Resources */ = {isa = PBXBuildFile; fileRef = BF1F1F341AE6576600BFDFA9 /* Bosque-Regular.otf */; };
		BF21A8511AE8F96200D5F4E0 /* page.png in Resources */ = {isa = PBXBuildFile; fileRef = BF21A8501AE8F96200D5F4E0 /* page.png */; };
		BF21A8541AE8FE9200D5F4E0 /* CarouselViewController.m in Sources */ = {isa = PBXBuildFile; fileRef = BF21A8531AE8FE9200D5F4E0 /* CarouselViewController.m */; };
		BFEC62601AF77088009C1416 /* RegisterViewController.m in Sources */ = {isa = PBXBuildFile; fileRef = BFEC625F1AF77088009C1416 /* RegisterViewController.m */; };
		BFEC62631AF79FE2009C1416 /* WritingWorldViewController.m in Sources */ = {isa = PBXBuildFile; fileRef = BFEC62621AF79FE2009C1416 /* WritingWorldViewController.m */; };
		BFEC62661AF7B8A9009C1416 /* LetterCollectionViewController.m in Sources */ = {isa = PBXBuildFile; fileRef = BFEC62651AF7B8A9009C1416 /* LetterCollectionViewController.m */; };
		BFEC62691AF7B95B009C1416 /* LetterCollectionViewCell.m in Sources */ = {isa = PBXBuildFile; fileRef = BFEC62681AF7B95B009C1416 /* LetterCollectionViewCell.m */; };
/* End PBXBuildFile section */

/* Begin PBXContainerItemProxy section */
		3EE56FE01AC838D900FCCB4D /* PBXContainerItemProxy */ = {
			isa = PBXContainerItemProxy;
			containerPortal = 3EE56FBE1AC838D900FCCB4D /* Project object */;
			proxyType = 1;
			remoteGlobalIDString = 3EE56FC51AC838D900FCCB4D;
			remoteInfo = Link;
		};
/* End PBXContainerItemProxy section */

/* Begin PBXFileReference section */
		3E6F3FD51AD7B648000CF0D6 /* HeaderCollectionReusableView.h */ = {isa = PBXFileReference; fileEncoding = 4; lastKnownFileType = sourcecode.c.h; path = HeaderCollectionReusableView.h; sourceTree = "<group>"; };
		3E6F3FD61AD7B648000CF0D6 /* HeaderCollectionReusableView.m */ = {isa = PBXFileReference; fileEncoding = 4; lastKnownFileType = sourcecode.c.objc; path = HeaderCollectionReusableView.m; sourceTree = "<group>"; };
		3EA3E7651AD3CC4600996FD7 /* PageViewController.h */ = {isa = PBXFileReference; fileEncoding = 4; lastKnownFileType = sourcecode.c.h; path = PageViewController.h; sourceTree = "<group>"; };
		3EA3E7661AD3CC4600996FD7 /* PageViewController.m */ = {isa = PBXFileReference; fileEncoding = 4; lastKnownFileType = sourcecode.c.objc; path = PageViewController.m; sourceTree = "<group>"; };
		3EA6C5671AD6A4E8005A059B /* ActivityCollectionViewController.h */ = {isa = PBXFileReference; fileEncoding = 4; lastKnownFileType = sourcecode.c.h; path = ActivityCollectionViewController.h; sourceTree = "<group>"; };
		3EA6C5681AD6A4E8005A059B /* ActivityCollectionViewController.m */ = {isa = PBXFileReference; fileEncoding = 4; lastKnownFileType = sourcecode.c.objc; path = ActivityCollectionViewController.m; sourceTree = "<group>"; };
		3EA6C56A1AD6AB35005A059B /* ActivityCollectionViewCell.h */ = {isa = PBXFileReference; fileEncoding = 4; lastKnownFileType = sourcecode.c.h; path = ActivityCollectionViewCell.h; sourceTree = "<group>"; };
		3EA6C56B1AD6AB35005A059B /* ActivityCollectionViewCell.m */ = {isa = PBXFileReference; fileEncoding = 4; lastKnownFileType = sourcecode.c.objc; path = ActivityCollectionViewCell.m; sourceTree = "<group>"; };
		3EE56FC61AC838D900FCCB4D /* Link.app */ = {isa = PBXFileReference; explicitFileType = wrapper.application; includeInIndex = 0; path = Link.app; sourceTree = BUILT_PRODUCTS_DIR; };
		3EE56FCA1AC838D900FCCB4D /* Info.plist */ = {isa = PBXFileReference; lastKnownFileType = text.plist.xml; path = Info.plist; sourceTree = "<group>"; };
		3EE56FCB1AC838D900FCCB4D /* main.m */ = {isa = PBXFileReference; lastKnownFileType = sourcecode.c.objc; path = main.m; sourceTree = "<group>"; };
		3EE56FCD1AC838D900FCCB4D /* AppDelegate.h */ = {isa = PBXFileReference; lastKnownFileType = sourcecode.c.h; path = AppDelegate.h; sourceTree = "<group>"; };
		3EE56FCE1AC838D900FCCB4D /* AppDelegate.m */ = {isa = PBXFileReference; lastKnownFileType = sourcecode.c.objc; path = AppDelegate.m; sourceTree = "<group>"; };
		3EE56FD01AC838D900FCCB4D /* LoginViewController.h */ = {isa = PBXFileReference; lastKnownFileType = sourcecode.c.h; path = LoginViewController.h; sourceTree = "<group>"; };
		3EE56FD11AC838D900FCCB4D /* LoginViewController.m */ = {isa = PBXFileReference; lastKnownFileType = sourcecode.c.objc; path = LoginViewController.m; sourceTree = "<group>"; };
		3EE56FD41AC838D900FCCB4D /* Base */ = {isa = PBXFileReference; lastKnownFileType = file.storyboard; name = Base; path = Base.lproj/Main.storyboard; sourceTree = "<group>"; };
		3EE56FD61AC838D900FCCB4D /* Images.xcassets */ = {isa = PBXFileReference; lastKnownFileType = folder.assetcatalog; path = Images.xcassets; sourceTree = "<group>"; };
		3EE56FD91AC838D900FCCB4D /* Base */ = {isa = PBXFileReference; lastKnownFileType = file.xib; name = Base; path = Base.lproj/LaunchScreen.xib; sourceTree = "<group>"; };
		3EE56FDF1AC838D900FCCB4D /* LinkTests.xctest */ = {isa = PBXFileReference; explicitFileType = wrapper.cfbundle; includeInIndex = 0; path = LinkTests.xctest; sourceTree = BUILT_PRODUCTS_DIR; };
		3EE56FE41AC838D900FCCB4D /* Info.plist */ = {isa = PBXFileReference; lastKnownFileType = text.plist.xml; path = Info.plist; sourceTree = "<group>"; };
		3EE56FE51AC838D900FCCB4D /* LinkTests.m */ = {isa = PBXFileReference; lastKnownFileType = sourcecode.c.objc; path = LinkTests.m; sourceTree = "<group>"; };
		3EE56FF01AC83FA300FCCB4D /* User.h */ = {isa = PBXFileReference; fileEncoding = 4; lastKnownFileType = sourcecode.c.h; path = User.h; sourceTree = "<group>"; };
		3EE56FF11AC83FA300FCCB4D /* User.m */ = {isa = PBXFileReference; fileEncoding = 4; lastKnownFileType = sourcecode.c.objc; path = User.m; sourceTree = "<group>"; };
		4229B13B213CBBD04167ADFD /* Pods.release.xcconfig */ = {isa = PBXFileReference; includeInIndex = 1; lastKnownFileType = text.xcconfig; name = Pods.release.xcconfig; path = "Pods/Target Support Files/Pods/Pods.release.xcconfig"; sourceTree = "<group>"; };
		6EA5565500F83063E7141100 /* Pods.framework */ = {isa = PBXFileReference; explicitFileType = wrapper.framework; includeInIndex = 0; path = Pods.framework; sourceTree = BUILT_PRODUCTS_DIR; };
		91B579F73F716CD735508470 /* Pods.debug.xcconfig */ = {isa = PBXFileReference; includeInIndex = 1; lastKnownFileType = text.xcconfig; name = Pods.debug.xcconfig; path = "Pods/Target Support Files/Pods/Pods.debug.xcconfig"; sourceTree = "<group>"; };
		BF19BC1A1AE6AD6A00172C2F /* PickerViewController.h */ = {isa = PBXFileReference; fileEncoding = 4; lastKnownFileType = sourcecode.c.h; path = PickerViewController.h; sourceTree = "<group>"; };
		BF19BC1B1AE6AD6A00172C2F /* PickerViewController.m */ = {isa = PBXFileReference; fileEncoding = 4; lastKnownFileType = sourcecode.c.objc; path = PickerViewController.m; sourceTree = "<group>"; };
		BF1F1F2F1AE654DB00BFDFA9 /* UIFont+UIFont_SytemFontOverride.h */ = {isa = PBXFileReference; fileEncoding = 4; lastKnownFileType = sourcecode.c.h; path = "UIFont+UIFont_SytemFontOverride.h"; sourceTree = "<group>"; };
		BF1F1F301AE654DB00BFDFA9 /* UIFont+UIFont_SytemFontOverride.m */ = {isa = PBXFileReference; fileEncoding = 4; lastKnownFileType = sourcecode.c.objc; path = "UIFont+UIFont_SytemFontOverride.m"; sourceTree = "<group>"; };
		BF1F1F341AE6576600BFDFA9 /* Bosque-Regular.otf */ = {isa = PBXFileReference; lastKnownFileType = file; path = "Bosque-Regular.otf"; sourceTree = "<group>"; };
		BF21A8501AE8F96200D5F4E0 /* page.png */ = {isa = PBXFileReference; lastKnownFileType = image.png; path = page.png; sourceTree = "<group>"; };
		BF21A8521AE8FE9200D5F4E0 /* CarouselViewController.h */ = {isa = PBXFileReference; fileEncoding = 4; lastKnownFileType = sourcecode.c.h; path = CarouselViewController.h; sourceTree = "<group>"; };
		BF21A8531AE8FE9200D5F4E0 /* CarouselViewController.m */ = {isa = PBXFileReference; fileEncoding = 4; lastKnownFileType = sourcecode.c.objc; path = CarouselViewController.m; sourceTree = "<group>"; };
		BFEC625E1AF77088009C1416 /* RegisterViewController.h */ = {isa = PBXFileReference; fileEncoding = 4; lastKnownFileType = sourcecode.c.h; path = RegisterViewController.h; sourceTree = "<group>"; };
		BFEC625F1AF77088009C1416 /* RegisterViewController.m */ = {isa = PBXFileReference; fileEncoding = 4; lastKnownFileType = sourcecode.c.objc; path = RegisterViewController.m; sourceTree = "<group>"; };
		BFEC62611AF79FE2009C1416 /* WritingWorldViewController.h */ = {isa = PBXFileReference; fileEncoding = 4; lastKnownFileType = sourcecode.c.h; path = WritingWorldViewController.h; sourceTree = "<group>"; };
		BFEC62621AF79FE2009C1416 /* WritingWorldViewController.m */ = {isa = PBXFileReference; fileEncoding = 4; lastKnownFileType = sourcecode.c.objc; path = WritingWorldViewController.m; sourceTree = "<group>"; };
		BFEC62641AF7B8A9009C1416 /* LetterCollectionViewController.h */ = {isa = PBXFileReference; fileEncoding = 4; lastKnownFileType = sourcecode.c.h; path = LetterCollectionViewController.h; sourceTree = "<group>"; };
		BFEC62651AF7B8A9009C1416 /* LetterCollectionViewController.m */ = {isa = PBXFileReference; fileEncoding = 4; lastKnownFileType = sourcecode.c.objc; path = LetterCollectionViewController.m; sourceTree = "<group>"; };
		BFEC62671AF7B95B009C1416 /* LetterCollectionViewCell.h */ = {isa = PBXFileReference; fileEncoding = 4; lastKnownFileType = sourcecode.c.h; path = LetterCollectionViewCell.h; sourceTree = "<group>"; };
		BFEC62681AF7B95B009C1416 /* LetterCollectionViewCell.m */ = {isa = PBXFileReference; fileEncoding = 4; lastKnownFileType = sourcecode.c.objc; path = LetterCollectionViewCell.m; sourceTree = "<group>"; };
/* End PBXFileReference section */

/* Begin PBXFrameworksBuildPhase section */
		3EE56FC31AC838D900FCCB4D /* Frameworks */ = {
			isa = PBXFrameworksBuildPhase;
			buildActionMask = 2147483647;
			files = (
				6205D45E6C1A82CE51D18D97 /* Pods.framework in Frameworks */,
			);
			runOnlyForDeploymentPostprocessing = 0;
		};
		3EE56FDC1AC838D900FCCB4D /* Frameworks */ = {
			isa = PBXFrameworksBuildPhase;
			buildActionMask = 2147483647;
			files = (
			);
			runOnlyForDeploymentPostprocessing = 0;
		};
/* End PBXFrameworksBuildPhase section */

/* Begin PBXGroup section */
		0212561EFAFB78BD26AC25BD /* Frameworks */ = {
			isa = PBXGroup;
			children = (
				6EA5565500F83063E7141100 /* Pods.framework */,
			);
			name = Frameworks;
			sourceTree = "<group>";
		};
		3EA6C5661AD67CC0005A059B /* Controller */ = {
			isa = PBXGroup;
			children = (
				BFEC62611AF79FE2009C1416 /* WritingWorldViewController.h */,
				BFEC62621AF79FE2009C1416 /* WritingWorldViewController.m */,
				BF21A8521AE8FE9200D5F4E0 /* CarouselViewController.h */,
				BF21A8531AE8FE9200D5F4E0 /* CarouselViewController.m */,
				BF19BC1A1AE6AD6A00172C2F /* PickerViewController.h */,
				BF19BC1B1AE6AD6A00172C2F /* PickerViewController.m */,
				3E6F3FD51AD7B648000CF0D6 /* HeaderCollectionReusableView.h */,
				3E6F3FD61AD7B648000CF0D6 /* HeaderCollectionReusableView.m */,
				3EA6C56A1AD6AB35005A059B /* ActivityCollectionViewCell.h */,
				3EA6C56B1AD6AB35005A059B /* ActivityCollectionViewCell.m */,
				3EA6C5671AD6A4E8005A059B /* ActivityCollectionViewController.h */,
				3EA6C5681AD6A4E8005A059B /* ActivityCollectionViewController.m */,
				BFEC62671AF7B95B009C1416 /* LetterCollectionViewCell.h */,
				BFEC62681AF7B95B009C1416 /* LetterCollectionViewCell.m */,
				BFEC62641AF7B8A9009C1416 /* LetterCollectionViewController.h */,
				BFEC62651AF7B8A9009C1416 /* LetterCollectionViewController.m */,
				3EE56FD01AC838D900FCCB4D /* LoginViewController.h */,
				3EE56FD11AC838D900FCCB4D /* LoginViewController.m */,
				3EA3E7651AD3CC4600996FD7 /* PageViewController.h */,
				3EA3E7661AD3CC4600996FD7 /* PageViewController.m */,
				BFEC625E1AF77088009C1416 /* RegisterViewController.h */,
				BFEC625F1AF77088009C1416 /* RegisterViewController.m */,
			);
			name = Controller;
			sourceTree = "<group>";
		};
		3EE56FBD1AC838D900FCCB4D = {
			isa = PBXGroup;
			children = (
				3EE56FC81AC838D900FCCB4D /* Link */,
				3EE56FE21AC838D900FCCB4D /* LinkTests */,
				3EE56FC71AC838D900FCCB4D /* Products */,
				A57D42421B916D473C1A8A47 /* Pods */,
				0212561EFAFB78BD26AC25BD /* Frameworks */,
			);
			sourceTree = "<group>";
		};
		3EE56FC71AC838D900FCCB4D /* Products */ = {
			isa = PBXGroup;
			children = (
				3EE56FC61AC838D900FCCB4D /* Link.app */,
				3EE56FDF1AC838D900FCCB4D /* LinkTests.xctest */,
			);
			name = Products;
			sourceTree = "<group>";
		};
		3EE56FC81AC838D900FCCB4D /* Link */ = {
			isa = PBXGroup;
			children = (
				BF1F1F2A1AE6535F00BFDFA9 /* Ressources */,
				3EA6C5661AD67CC0005A059B /* Controller */,
				3EE56FEF1AC83F8600FCCB4D /* Model */,
				3EE56FCD1AC838D900FCCB4D /* AppDelegate.h */,
				3EE56FCE1AC838D900FCCB4D /* AppDelegate.m */,
				3EE56FD31AC838D900FCCB4D /* Main.storyboard */,
				3EE56FD61AC838D900FCCB4D /* Images.xcassets */,
				3EE56FD81AC838D900FCCB4D /* LaunchScreen.xib */,
				3EE56FC91AC838D900FCCB4D /* Supporting Files */,
				BF1F1F2F1AE654DB00BFDFA9 /* UIFont+UIFont_SytemFontOverride.h */,
				BF1F1F301AE654DB00BFDFA9 /* UIFont+UIFont_SytemFontOverride.m */,
			);
			path = Link;
			sourceTree = "<group>";
		};
		3EE56FC91AC838D900FCCB4D /* Supporting Files */ = {
			isa = PBXGroup;
			children = (
				3EE56FCA1AC838D900FCCB4D /* Info.plist */,
				3EE56FCB1AC838D900FCCB4D /* main.m */,
			);
			name = "Supporting Files";
			sourceTree = "<group>";
		};
		3EE56FE21AC838D900FCCB4D /* LinkTests */ = {
			isa = PBXGroup;
			children = (
				3EE56FE51AC838D900FCCB4D /* LinkTests.m */,
				3EE56FE31AC838D900FCCB4D /* Supporting Files */,
			);
			path = LinkTests;
			sourceTree = "<group>";
		};
		3EE56FE31AC838D900FCCB4D /* Supporting Files */ = {
			isa = PBXGroup;
			children = (
				3EE56FE41AC838D900FCCB4D /* Info.plist */,
			);
			name = "Supporting Files";
			sourceTree = "<group>";
		};
		3EE56FEF1AC83F8600FCCB4D /* Model */ = {
			isa = PBXGroup;
			children = (
				3EE56FF01AC83FA300FCCB4D /* User.h */,
				3EE56FF11AC83FA300FCCB4D /* User.m */,
			);
			name = Model;
			sourceTree = "<group>";
		};
		A57D42421B916D473C1A8A47 /* Pods */ = {
			isa = PBXGroup;
			children = (
				91B579F73F716CD735508470 /* Pods.debug.xcconfig */,
				4229B13B213CBBD04167ADFD /* Pods.release.xcconfig */,
			);
			name = Pods;
			sourceTree = "<group>";
		};
		BF1F1F2A1AE6535F00BFDFA9 /* Ressources */ = {
			isa = PBXGroup;
			children = (
				BF21A8501AE8F96200D5F4E0 /* page.png */,
				BF1F1F2B1AE6536700BFDFA9 /* Fonts */,
			);
			name = Ressources;
			sourceTree = "<group>";
		};
		BF1F1F2B1AE6536700BFDFA9 /* Fonts */ = {
			isa = PBXGroup;
			children = (
				BF1F1F341AE6576600BFDFA9 /* Bosque-Regular.otf */,
			);
			name = Fonts;
			sourceTree = "<group>";
		};
/* End PBXGroup section */

/* Begin PBXNativeTarget section */
		3EE56FC51AC838D900FCCB4D /* Link */ = {
			isa = PBXNativeTarget;
			buildConfigurationList = 3EE56FE91AC838D900FCCB4D /* Build configuration list for PBXNativeTarget "Link" */;
			buildPhases = (
				5F1326A724B00D3B6C99B3B3 /* Check Pods Manifest.lock */,
				3EE56FC21AC838D900FCCB4D /* Sources */,
				3EE56FC31AC838D900FCCB4D /* Frameworks */,
				3EE56FC41AC838D900FCCB4D /* Resources */,
				4A6B3640E3D4CD1E1DE2D388 /* Embed Pods Frameworks */,
				08D167FD2CC410C80A9B4A56 /* Copy Pods Resources */,
			);
			buildRules = (
			);
			dependencies = (
			);
			name = Link;
			productName = Link;
			productReference = 3EE56FC61AC838D900FCCB4D /* Link.app */;
			productType = "com.apple.product-type.application";
		};
		3EE56FDE1AC838D900FCCB4D /* LinkTests */ = {
			isa = PBXNativeTarget;
			buildConfigurationList = 3EE56FEC1AC838D900FCCB4D /* Build configuration list for PBXNativeTarget "LinkTests" */;
			buildPhases = (
				3EE56FDB1AC838D900FCCB4D /* Sources */,
				3EE56FDC1AC838D900FCCB4D /* Frameworks */,
				3EE56FDD1AC838D900FCCB4D /* Resources */,
			);
			buildRules = (
			);
			dependencies = (
				3EE56FE11AC838D900FCCB4D /* PBXTargetDependency */,
			);
			name = LinkTests;
			productName = LinkTests;
			productReference = 3EE56FDF1AC838D900FCCB4D /* LinkTests.xctest */;
			productType = "com.apple.product-type.bundle.unit-test";
		};
/* End PBXNativeTarget section */

/* Begin PBXProject section */
		3EE56FBE1AC838D900FCCB4D /* Project object */ = {
			isa = PBXProject;
			attributes = {
				LastUpgradeCheck = 0620;
				ORGANIZATIONNAME = "Philippe Tring";
				TargetAttributes = {
					3EE56FC51AC838D900FCCB4D = {
						CreatedOnToolsVersion = 6.2;
						DevelopmentTeam = 3RQFQA54Q5;
					};
					3EE56FDE1AC838D900FCCB4D = {
						CreatedOnToolsVersion = 6.2;
						TestTargetID = 3EE56FC51AC838D900FCCB4D;
					};
				};
			};
			buildConfigurationList = 3EE56FC11AC838D900FCCB4D /* Build configuration list for PBXProject "Link" */;
			compatibilityVersion = "Xcode 3.2";
			developmentRegion = English;
			hasScannedForEncodings = 0;
			knownRegions = (
				en,
				Base,
			);
			mainGroup = 3EE56FBD1AC838D900FCCB4D;
			productRefGroup = 3EE56FC71AC838D900FCCB4D /* Products */;
			projectDirPath = "";
			projectRoot = "";
			targets = (
				3EE56FC51AC838D900FCCB4D /* Link */,
				3EE56FDE1AC838D900FCCB4D /* LinkTests */,
			);
		};
/* End PBXProject section */

/* Begin PBXResourcesBuildPhase section */
		3EE56FC41AC838D900FCCB4D /* Resources */ = {
			isa = PBXResourcesBuildPhase;
			buildActionMask = 2147483647;
			files = (
				3EE56FD51AC838D900FCCB4D /* Main.storyboard in Resources */,
				BF21A8511AE8F96200D5F4E0 /* page.png in Resources */,
				3EE56FDA1AC838D900FCCB4D /* LaunchScreen.xib in Resources */,
				3EE56FD71AC838D900FCCB4D /* Images.xcassets in Resources */,
				BF1F1F351AE6576600BFDFA9 /* Bosque-Regular.otf in Resources */,
			);
			runOnlyForDeploymentPostprocessing = 0;
		};
		3EE56FDD1AC838D900FCCB4D /* Resources */ = {
			isa = PBXResourcesBuildPhase;
			buildActionMask = 2147483647;
			files = (
			);
			runOnlyForDeploymentPostprocessing = 0;
		};
/* End PBXResourcesBuildPhase section */

/* Begin PBXShellScriptBuildPhase section */
		08D167FD2CC410C80A9B4A56 /* Copy Pods Resources */ = {
			isa = PBXShellScriptBuildPhase;
			buildActionMask = 2147483647;
			files = (
			);
			inputPaths = (
			);
			name = "Copy Pods Resources";
			outputPaths = (
			);
			runOnlyForDeploymentPostprocessing = 0;
			shellPath = /bin/sh;
			shellScript = "\"${SRCROOT}/Pods/Target Support Files/Pods/Pods-resources.sh\"\n";
			showEnvVarsInLog = 0;
		};
		4A6B3640E3D4CD1E1DE2D388 /* Embed Pods Frameworks */ = {
			isa = PBXShellScriptBuildPhase;
			buildActionMask = 2147483647;
			files = (
			);
			inputPaths = (
			);
			name = "Embed Pods Frameworks";
			outputPaths = (
			);
			runOnlyForDeploymentPostprocessing = 0;
			shellPath = /bin/sh;
			shellScript = "\"${SRCROOT}/Pods/Target Support Files/Pods/Pods-frameworks.sh\"\n";
			showEnvVarsInLog = 0;
		};
		5F1326A724B00D3B6C99B3B3 /* Check Pods Manifest.lock */ = {
			isa = PBXShellScriptBuildPhase;
			buildActionMask = 2147483647;
			files = (
			);
			inputPaths = (
			);
			name = "Check Pods Manifest.lock";
			outputPaths = (
			);
			runOnlyForDeploymentPostprocessing = 0;
			shellPath = /bin/sh;
			shellScript = "diff \"${PODS_ROOT}/../Podfile.lock\" \"${PODS_ROOT}/Manifest.lock\" > /dev/null\nif [[ $? != 0 ]] ; then\n    cat << EOM\nerror: The sandbox is not in sync with the Podfile.lock. Run 'pod install' or update your CocoaPods installation.\nEOM\n    exit 1\nfi\n";
			showEnvVarsInLog = 0;
		};
/* End PBXShellScriptBuildPhase section */

/* Begin PBXSourcesBuildPhase section */
		3EE56FC21AC838D900FCCB4D /* Sources */ = {
			isa = PBXSourcesBuildPhase;
			buildActionMask = 2147483647;
			files = (
				3E6F3FD71AD7B648000CF0D6 /* HeaderCollectionReusableView.m in Sources */,
				3EE56FF21AC83FA300FCCB4D /* User.m in Sources */,
				3EE56FD21AC838D900FCCB4D /* LoginViewController.m in Sources */,
				3EE56FCF1AC838D900FCCB4D /* AppDelegate.m in Sources */,
				3EA6C56C1AD6AB36005A059B /* ActivityCollectionViewCell.m in Sources */,
				3EA3E7681AD3E2C500996FD7 /* PageViewController.m in Sources */,
				BF21A8541AE8FE9200D5F4E0 /* CarouselViewController.m in Sources */,
				BFEC62631AF79FE2009C1416 /* WritingWorldViewController.m in Sources */,
				BF19BC1C1AE6AD6A00172C2F /* PickerViewController.m in Sources */,
				3EA6C5691AD6A4E8005A059B /* ActivityCollectionViewController.m in Sources */,
				BFEC62661AF7B8A9009C1416 /* LetterCollectionViewController.m in Sources */,
				BFEC62601AF77088009C1416 /* RegisterViewController.m in Sources */,
				BF1F1F311AE654DB00BFDFA9 /* UIFont+UIFont_SytemFontOverride.m in Sources */,
				BFEC62691AF7B95B009C1416 /* LetterCollectionViewCell.m in Sources */,
				3EE56FCC1AC838D900FCCB4D /* main.m in Sources */,
			);
			runOnlyForDeploymentPostprocessing = 0;
		};
		3EE56FDB1AC838D900FCCB4D /* Sources */ = {
			isa = PBXSourcesBuildPhase;
			buildActionMask = 2147483647;
			files = (
				3EE56FE61AC838D900FCCB4D /* LinkTests.m in Sources */,
			);
			runOnlyForDeploymentPostprocessing = 0;
		};
/* End PBXSourcesBuildPhase section */

/* Begin PBXTargetDependency section */
		3EE56FE11AC838D900FCCB4D /* PBXTargetDependency */ = {
			isa = PBXTargetDependency;
			target = 3EE56FC51AC838D900FCCB4D /* Link */;
			targetProxy = 3EE56FE01AC838D900FCCB4D /* PBXContainerItemProxy */;
		};
/* End PBXTargetDependency section */

/* Begin PBXVariantGroup section */
		3EE56FD31AC838D900FCCB4D /* Main.storyboard */ = {
			isa = PBXVariantGroup;
			children = (
				3EE56FD41AC838D900FCCB4D /* Base */,
			);
			name = Main.storyboard;
			sourceTree = "<group>";
		};
		3EE56FD81AC838D900FCCB4D /* LaunchScreen.xib */ = {
			isa = PBXVariantGroup;
			children = (
				3EE56FD91AC838D900FCCB4D /* Base */,
			);
			name = LaunchScreen.xib;
			sourceTree = "<group>";
		};
/* End PBXVariantGroup section */

/* Begin XCBuildConfiguration section */
		3EE56FE71AC838D900FCCB4D /* Debug */ = {
			isa = XCBuildConfiguration;
			buildSettings = {
				ALWAYS_SEARCH_USER_PATHS = NO;
				CLANG_CXX_LANGUAGE_STANDARD = "gnu++0x";
				CLANG_CXX_LIBRARY = "libc++";
				CLANG_ENABLE_MODULES = YES;
				CLANG_ENABLE_OBJC_ARC = YES;
				CLANG_WARN_BOOL_CONVERSION = YES;
				CLANG_WARN_CONSTANT_CONVERSION = YES;
				CLANG_WARN_DIRECT_OBJC_ISA_USAGE = YES_ERROR;
				CLANG_WARN_EMPTY_BODY = YES;
				CLANG_WARN_ENUM_CONVERSION = YES;
				CLANG_WARN_INT_CONVERSION = YES;
				CLANG_WARN_OBJC_ROOT_CLASS = YES_ERROR;
				CLANG_WARN_UNREACHABLE_CODE = YES;
				CLANG_WARN__DUPLICATE_METHOD_MATCH = YES;
				"CODE_SIGN_IDENTITY[sdk=iphoneos*]" = "iPhone Developer";
				COPY_PHASE_STRIP = NO;
				ENABLE_STRICT_OBJC_MSGSEND = YES;
				GCC_C_LANGUAGE_STANDARD = gnu99;
				GCC_DYNAMIC_NO_PIC = NO;
				GCC_OPTIMIZATION_LEVEL = 0;
				GCC_PREPROCESSOR_DEFINITIONS = (
					"DEBUG=1",
					"$(inherited)",
				);
				GCC_SYMBOLS_PRIVATE_EXTERN = NO;
				GCC_WARN_64_TO_32_BIT_CONVERSION = YES;
				GCC_WARN_ABOUT_RETURN_TYPE = YES_ERROR;
				GCC_WARN_UNDECLARED_SELECTOR = YES;
				GCC_WARN_UNINITIALIZED_AUTOS = YES_AGGRESSIVE;
				GCC_WARN_UNUSED_FUNCTION = YES;
				GCC_WARN_UNUSED_VARIABLE = YES;
				IPHONEOS_DEPLOYMENT_TARGET = 8.2;
				MTL_ENABLE_DEBUG_INFO = YES;
				ONLY_ACTIVE_ARCH = YES;
				SDKROOT = iphoneos;
				TARGETED_DEVICE_FAMILY = 2;
			};
			name = Debug;
		};
		3EE56FE81AC838D900FCCB4D /* Release */ = {
			isa = XCBuildConfiguration;
			buildSettings = {
				ALWAYS_SEARCH_USER_PATHS = NO;
				CLANG_CXX_LANGUAGE_STANDARD = "gnu++0x";
				CLANG_CXX_LIBRARY = "libc++";
				CLANG_ENABLE_MODULES = YES;
				CLANG_ENABLE_OBJC_ARC = YES;
				CLANG_WARN_BOOL_CONVERSION = YES;
				CLANG_WARN_CONSTANT_CONVERSION = YES;
				CLANG_WARN_DIRECT_OBJC_ISA_USAGE = YES_ERROR;
				CLANG_WARN_EMPTY_BODY = YES;
				CLANG_WARN_ENUM_CONVERSION = YES;
				CLANG_WARN_INT_CONVERSION = YES;
				CLANG_WARN_OBJC_ROOT_CLASS = YES_ERROR;
				CLANG_WARN_UNREACHABLE_CODE = YES;
				CLANG_WARN__DUPLICATE_METHOD_MATCH = YES;
				"CODE_SIGN_IDENTITY[sdk=iphoneos*]" = "iPhone Developer";
				COPY_PHASE_STRIP = NO;
				ENABLE_NS_ASSERTIONS = NO;
				ENABLE_STRICT_OBJC_MSGSEND = YES;
				GCC_C_LANGUAGE_STANDARD = gnu99;
				GCC_WARN_64_TO_32_BIT_CONVERSION = YES;
				GCC_WARN_ABOUT_RETURN_TYPE = YES_ERROR;
				GCC_WARN_UNDECLARED_SELECTOR = YES;
				GCC_WARN_UNINITIALIZED_AUTOS = YES_AGGRESSIVE;
				GCC_WARN_UNUSED_FUNCTION = YES;
				GCC_WARN_UNUSED_VARIABLE = YES;
				IPHONEOS_DEPLOYMENT_TARGET = 8.2;
				MTL_ENABLE_DEBUG_INFO = NO;
				SDKROOT = iphoneos;
				TARGETED_DEVICE_FAMILY = 2;
				VALIDATE_PRODUCT = YES;
			};
			name = Release;
		};
		3EE56FEA1AC838D900FCCB4D /* Debug */ = {
			isa = XCBuildConfiguration;
			baseConfigurationReference = 91B579F73F716CD735508470 /* Pods.debug.xcconfig */;
			buildSettings = {
				ASSETCATALOG_COMPILER_APPICON_NAME = AppIcon;
				CODE_SIGN_IDENTITY = "iPhone Developer";
				INFOPLIST_FILE = Link/Info.plist;
				IPHONEOS_DEPLOYMENT_TARGET = 8.3;
				LD_RUNPATH_SEARCH_PATHS = "$(inherited) @executable_path/Frameworks";
				PRODUCT_NAME = "$(TARGET_NAME)";
				PROVISIONING_PROFILE = "a3e38aa1-ce94-491f-ab60-04035b10f7ff";
			};
			name = Debug;
		};
		3EE56FEB1AC838D900FCCB4D /* Release */ = {
			isa = XCBuildConfiguration;
			baseConfigurationReference = 4229B13B213CBBD04167ADFD /* Pods.release.xcconfig */;
			buildSettings = {
				ASSETCATALOG_COMPILER_APPICON_NAME = AppIcon;
				CODE_SIGN_IDENTITY = "iPhone Developer";
				INFOPLIST_FILE = Link/Info.plist;
				IPHONEOS_DEPLOYMENT_TARGET = 8.3;
				LD_RUNPATH_SEARCH_PATHS = "$(inherited) @executable_path/Frameworks";
				PRODUCT_NAME = "$(TARGET_NAME)";
				PROVISIONING_PROFILE = "a3e38aa1-ce94-491f-ab60-04035b10f7ff";
			};
			name = Release;
		};
		3EE56FED1AC838D900FCCB4D /* Debug */ = {
			isa = XCBuildConfiguration;
			buildSettings = {
				BUNDLE_LOADER = "$(TEST_HOST)";
				FRAMEWORK_SEARCH_PATHS = (
					"$(SDKROOT)/Developer/Library/Frameworks",
					"$(inherited)",
				);
				GCC_PREPROCESSOR_DEFINITIONS = (
					"DEBUG=1",
					"$(inherited)",
				);
				INFOPLIST_FILE = LinkTests/Info.plist;
				LD_RUNPATH_SEARCH_PATHS = "$(inherited) @executable_path/Frameworks @loader_path/Frameworks";
				PRODUCT_NAME = "$(TARGET_NAME)";
				TEST_HOST = "$(BUILT_PRODUCTS_DIR)/Link.app/Link";
			};
			name = Debug;
		};
		3EE56FEE1AC838D900FCCB4D /* Release */ = {
			isa = XCBuildConfiguration;
			buildSettings = {
				BUNDLE_LOADER = "$(TEST_HOST)";
				FRAMEWORK_SEARCH_PATHS = (
					"$(SDKROOT)/Developer/Library/Frameworks",
					"$(inherited)",
				);
				INFOPLIST_FILE = LinkTests/Info.plist;
				LD_RUNPATH_SEARCH_PATHS = "$(inherited) @executable_path/Frameworks @loader_path/Frameworks";
				PRODUCT_NAME = "$(TARGET_NAME)";
				TEST_HOST = "$(BUILT_PRODUCTS_DIR)/Link.app/Link";
			};
			name = Release;
		};
/* End XCBuildConfiguration section */

/* Begin XCConfigurationList section */
		3EE56FC11AC838D900FCCB4D /* Build configuration list for PBXProject "Link" */ = {
			isa = XCConfigurationList;
			buildConfigurations = (
				3EE56FE71AC838D900FCCB4D /* Debug */,
				3EE56FE81AC838D900FCCB4D /* Release */,
			);
			defaultConfigurationIsVisible = 0;
			defaultConfigurationName = Release;
		};
		3EE56FE91AC838D900FCCB4D /* Build configuration list for PBXNativeTarget "Link" */ = {
			isa = XCConfigurationList;
			buildConfigurations = (
				3EE56FEA1AC838D900FCCB4D /* Debug */,
				3EE56FEB1AC838D900FCCB4D /* Release */,
			);
			defaultConfigurationIsVisible = 0;
			defaultConfigurationName = Release;
		};
		3EE56FEC1AC838D900FCCB4D /* Build configuration list for PBXNativeTarget "LinkTests" */ = {
			isa = XCConfigurationList;
			buildConfigurations = (
				3EE56FED1AC838D900FCCB4D /* Debug */,
				3EE56FEE1AC838D900FCCB4D /* Release */,
			);
			defaultConfigurationIsVisible = 0;
			defaultConfigurationName = Release;
		};
/* End XCConfigurationList section */
	};
	rootObject = 3EE56FBE1AC838D900FCCB4D /* Project object */;
}
